// !$*UTF8*$!
{
	archiveVersion = 1;
	classes = {
	};
	objectVersion = 46;
	objects = {

/* Begin PBXBuildFile section */
		012D3B1E1D8572DC008A3299 /* PhotoCell.swift in Sources */ = {isa = PBXBuildFile; fileRef = 012D3B1D1D8572DC008A3299 /* PhotoCell.swift */; };
		012D3B201D859777008A3299 /* DetailViewController.swift in Sources */ = {isa = PBXBuildFile; fileRef = 012D3B1F1D859777008A3299 /* DetailViewController.swift */; };
		0199CB9C1D849BF800C977EE /* AppDelegate.swift in Sources */ = {isa = PBXBuildFile; fileRef = 0199CB9B1D849BF800C977EE /* AppDelegate.swift */; };
		0199CB9E1D849BF800C977EE /* ViewController.swift in Sources */ = {isa = PBXBuildFile; fileRef = 0199CB9D1D849BF800C977EE /* ViewController.swift */; };
		0199CBA31D849BF800C977EE /* Assets.xcassets in Resources */ = {isa = PBXBuildFile; fileRef = 0199CBA21D849BF800C977EE /* Assets.xcassets */; };
		0199CBA61D849BF800C977EE /* LaunchScreen.storyboard in Resources */ = {isa = PBXBuildFile; fileRef = 0199CBA41D849BF800C977EE /* LaunchScreen.storyboard */; };
		0199CBAE1D849D3C00C977EE /* Photo.swift in Sources */ = {isa = PBXBuildFile; fileRef = 0199CBAD1D849D3C00C977EE /* Photo.swift */; };
		80100D44F2DA45F09A484DD5 /* Pods_Test.framework in Frameworks */ = {isa = PBXBuildFile; fileRef = E4E313C5972BECB69524EA6C /* Pods_Test.framework */; };
/* End PBXBuildFile section */

/* Begin PBXFileReference section */
		012D3B1D1D8572DC008A3299 /* PhotoCell.swift */ = {isa = PBXFileReference; fileEncoding = 4; lastKnownFileType = sourcecode.swift; path = PhotoCell.swift; sourceTree = "<group>"; };
		012D3B1F1D859777008A3299 /* DetailViewController.swift */ = {isa = PBXFileReference; fileEncoding = 4; lastKnownFileType = sourcecode.swift; path = DetailViewController.swift; sourceTree = "<group>"; };
		0199CB981D849BF800C977EE /* Test.app */ = {isa = PBXFileReference; explicitFileType = wrapper.application; includeInIndex = 0; path = Test.app; sourceTree = BUILT_PRODUCTS_DIR; };
		0199CB9B1D849BF800C977EE /* AppDelegate.swift */ = {isa = PBXFileReference; lastKnownFileType = sourcecode.swift; path = AppDelegate.swift; sourceTree = "<group>"; };
		0199CB9D1D849BF800C977EE /* ViewController.swift */ = {isa = PBXFileReference; lastKnownFileType = sourcecode.swift; path = ViewController.swift; sourceTree = "<group>"; };
		0199CBA21D849BF800C977EE /* Assets.xcassets */ = {isa = PBXFileReference; lastKnownFileType = folder.assetcatalog; path = Assets.xcassets; sourceTree = "<group>"; };
		0199CBA51D849BF800C977EE /* Base */ = {isa = PBXFileReference; lastKnownFileType = file.storyboard; name = Base; path = Base.lproj/LaunchScreen.storyboard; sourceTree = "<group>"; };
		0199CBA71D849BF800C977EE /* Info.plist */ = {isa = PBXFileReference; lastKnownFileType = text.plist.xml; path = Info.plist; sourceTree = "<group>"; };
		0199CBAD1D849D3C00C977EE /* Photo.swift */ = {isa = PBXFileReference; fileEncoding = 4; lastKnownFileType = sourcecode.swift; path = Photo.swift; sourceTree = "<group>"; };
		1C6600CF8B66A363059557C7 /* Pods-Test.release.xcconfig */ = {isa = PBXFileReference; includeInIndex = 1; lastKnownFileType = text.xcconfig; name = "Pods-Test.release.xcconfig"; path = "Pods/Target Support Files/Pods-Test/Pods-Test.release.xcconfig"; sourceTree = "<group>"; };
		6589D78BEAC4D7CF4564340A /* Pods-Test.debug.xcconfig */ = {isa = PBXFileReference; includeInIndex = 1; lastKnownFileType = text.xcconfig; name = "Pods-Test.debug.xcconfig"; path = "Pods/Target Support Files/Pods-Test/Pods-Test.debug.xcconfig"; sourceTree = "<group>"; };
		E4E313C5972BECB69524EA6C /* Pods_Test.framework */ = {isa = PBXFileReference; explicitFileType = wrapper.framework; includeInIndex = 0; path = Pods_Test.framework; sourceTree = BUILT_PRODUCTS_DIR; };
/* End PBXFileReference section */

/* Begin PBXFrameworksBuildPhase section */
		0199CB951D849BF800C977EE /* Frameworks */ = {
			isa = PBXFrameworksBuildPhase;
			buildActionMask = 2147483647;
			files = (
				80100D44F2DA45F09A484DD5 /* Pods_Test.framework in Frameworks */,
			);
			runOnlyForDeploymentPostprocessing = 0;
		};
/* End PBXFrameworksBuildPhase section */

/* Begin PBXGroup section */
		0199CB8F1D849BF800C977EE = {
			isa = PBXGroup;
			children = (
				0199CB9A1D849BF800C977EE /* Test */,
				0199CB991D849BF800C977EE /* Products */,
				EF7AC93640A3DB813114745E /* Pods */,
				8939E2C3CF3B92B7A968003F /* Frameworks */,
			);
			sourceTree = "<group>";
		};
		0199CB991D849BF800C977EE /* Products */ = {
			isa = PBXGroup;
			children = (
				0199CB981D849BF800C977EE /* Test.app */,
			);
			name = Products;
			sourceTree = "<group>";
		};
		0199CB9A1D849BF800C977EE /* Test */ = {
			isa = PBXGroup;
			children = (
				0199CB9B1D849BF800C977EE /* AppDelegate.swift */,
				0199CB9D1D849BF800C977EE /* ViewController.swift */,
				012D3B1F1D859777008A3299 /* DetailViewController.swift */,
				012D3B1D1D8572DC008A3299 /* PhotoCell.swift */,
				0199CBAD1D849D3C00C977EE /* Photo.swift */,
				0199CBA21D849BF800C977EE /* Assets.xcassets */,
				0199CBA41D849BF800C977EE /* LaunchScreen.storyboard */,
				0199CBA71D849BF800C977EE /* Info.plist */,
			);
			path = Test;
			sourceTree = "<group>";
		};
		8939E2C3CF3B92B7A968003F /* Frameworks */ = {
			isa = PBXGroup;
			children = (
				E4E313C5972BECB69524EA6C /* Pods_Test.framework */,
			);
			name = Frameworks;
			sourceTree = "<group>";
		};
		EF7AC93640A3DB813114745E /* Pods */ = {
			isa = PBXGroup;
			children = (
				6589D78BEAC4D7CF4564340A /* Pods-Test.debug.xcconfig */,
				1C6600CF8B66A363059557C7 /* Pods-Test.release.xcconfig */,
			);
			name = Pods;
			sourceTree = "<group>";
		};
/* End PBXGroup section */

/* Begin PBXNativeTarget section */
		0199CB971D849BF800C977EE /* Test */ = {
			isa = PBXNativeTarget;
			buildConfigurationList = 0199CBAA1D849BF800C977EE /* Build configuration list for PBXNativeTarget "Test" */;
			buildPhases = (
				5D8C98BEB26EB5FF865E062F /* [CP] Check Pods Manifest.lock */,
				0199CB941D849BF800C977EE /* Sources */,
				0199CB951D849BF800C977EE /* Frameworks */,
				0199CB961D849BF800C977EE /* Resources */,
				00CEE3CC488566611A7C3D69 /* [CP] Embed Pods Frameworks */,
				E6638F3ACA5F6FA56C878C59 /* [CP] Copy Pods Resources */,
			);
			buildRules = (
			);
			dependencies = (
			);
			name = Test;
			productName = Test;
			productReference = 0199CB981D849BF800C977EE /* Test.app */;
			productType = "com.apple.product-type.application";
		};
/* End PBXNativeTarget section */

/* Begin PBXProject section */
		0199CB901D849BF800C977EE /* Project object */ = {
			isa = PBXProject;
			attributes = {
				LastSwiftUpdateCheck = 0730;
				LastUpgradeCheck = 0820;
				ORGANIZATIONNAME = "Wiem Ben Rim";
				TargetAttributes = {
					0199CB971D849BF800C977EE = {
						CreatedOnToolsVersion = 7.3.1;
						DevelopmentTeam = LFV2R2NMND;
						LastSwiftMigration = 0820;
					};
				};
			};
			buildConfigurationList = 0199CB931D849BF800C977EE /* Build configuration list for PBXProject "Test" */;
			compatibilityVersion = "Xcode 3.2";
			developmentRegion = English;
			hasScannedForEncodings = 0;
			knownRegions = (
				en,
				Base,
			);
			mainGroup = 0199CB8F1D849BF800C977EE;
			productRefGroup = 0199CB991D849BF800C977EE /* Products */;
			projectDirPath = "";
			projectRoot = "";
			targets = (
				0199CB971D849BF800C977EE /* Test */,
			);
		};
/* End PBXProject section */

/* Begin PBXResourcesBuildPhase section */
		0199CB961D849BF800C977EE /* Resources */ = {
			isa = PBXResourcesBuildPhase;
			buildActionMask = 2147483647;
			files = (
				0199CBA61D849BF800C977EE /* LaunchScreen.storyboard in Resources */,
				0199CBA31D849BF800C977EE /* Assets.xcassets in Resources */,
			);
			runOnlyForDeploymentPostprocessing = 0;
		};
/* End PBXResourcesBuildPhase section */

/* Begin PBXShellScriptBuildPhase section */
		00CEE3CC488566611A7C3D69 /* [CP] Embed Pods Frameworks */ = {
			isa = PBXShellScriptBuildPhase;
			buildActionMask = 2147483647;
			files = (
			);
			inputPaths = (
			);
			name = "[CP] Embed Pods Frameworks";
			outputPaths = (
			);
			runOnlyForDeploymentPostprocessing = 0;
			shellPath = /bin/sh;
			shellScript = "\"${SRCROOT}/Pods/Target Support Files/Pods-Test/Pods-Test-frameworks.sh\"\n";
			showEnvVarsInLog = 0;
		};
		5D8C98BEB26EB5FF865E062F /* [CP] Check Pods Manifest.lock */ = {
			isa = PBXShellScriptBuildPhase;
			buildActionMask = 2147483647;
			files = (
			);
			inputPaths = (
			);
			name = "[CP] Check Pods Manifest.lock";
			outputPaths = (
			);
			runOnlyForDeploymentPostprocessing = 0;
			shellPath = /bin/sh;
			shellScript = "diff \"${PODS_ROOT}/../Podfile.lock\" \"${PODS_ROOT}/Manifest.lock\" > /dev/null\nif [ $? != 0 ] ; then\n    # print error to STDERR\n    echo \"error: The sandbox is not in sync with the Podfile.lock. Run 'pod install' or update your CocoaPods installation.\" >&2\n    exit 1\nfi\n";
			showEnvVarsInLog = 0;
		};
		E6638F3ACA5F6FA56C878C59 /* [CP] Copy Pods Resources */ = {
			isa = PBXShellScriptBuildPhase;
			buildActionMask = 2147483647;
			files = (
			);
			inputPaths = (
			);
			name = "[CP] Copy Pods Resources";
			outputPaths = (
			);
			runOnlyForDeploymentPostprocessing = 0;
			shellPath = /bin/sh;
			shellScript = "\"${SRCROOT}/Pods/Target Support Files/Pods-Test/Pods-Test-resources.sh\"\n";
			showEnvVarsInLog = 0;
		};
/* End PBXShellScriptBuildPhase section */

/* Begin PBXSourcesBuildPhase section */
		0199CB941D849BF800C977EE /* Sources */ = {
			isa = PBXSourcesBuildPhase;
			buildActionMask = 2147483647;
			files = (
				0199CBAE1D849D3C00C977EE /* Photo.swift in Sources */,
				012D3B1E1D8572DC008A3299 /* PhotoCell.swift in Sources */,
				012D3B201D859777008A3299 /* DetailViewController.swift in Sources */,
				0199CB9E1D849BF800C977EE /* ViewController.swift in Sources */,
				0199CB9C1D849BF800C977EE /* AppDelegate.swift in Sources */,
			);
			runOnlyForDeploymentPostprocessing = 0;
		};
/* End PBXSourcesBuildPhase section */

/* Begin PBXVariantGroup section */
		0199CBA41D849BF800C977EE /* LaunchScreen.storyboard */ = {
			isa = PBXVariantGroup;
			children = (
				0199CBA51D849BF800C977EE /* Base */,
			);
			name = LaunchScreen.storyboard;
			sourceTree = "<group>";
		};
/* End PBXVariantGroup section */

/* Begin XCBuildConfiguration section */
		0199CBA81D849BF800C977EE /* Debug */ = {
			isa = XCBuildConfiguration;
			buildSettings = {
				ALWAYS_SEARCH_USER_PATHS = NO;
				CLANG_ANALYZER_NONNULL = YES;
				CLANG_CXX_LANGUAGE_STANDARD = "gnu++0x";
				CLANG_CXX_LIBRARY = "libc++";
				CLANG_ENABLE_MODULES = YES;
				CLANG_ENABLE_OBJC_ARC = YES;
				CLANG_WARN_BOOL_CONVERSION = YES;
				CLANG_WARN_CONSTANT_CONVERSION = YES;
				CLANG_WARN_DIRECT_OBJC_ISA_USAGE = YES_ERROR;
				CLANG_WARN_EMPTY_BODY = YES;
				CLANG_WARN_ENUM_CONVERSION = YES;
				CLANG_WARN_INFINITE_RECURSION = YES;
				CLANG_WARN_INT_CONVERSION = YES;
				CLANG_WARN_OBJC_ROOT_CLASS = YES_ERROR;
				CLANG_WARN_SUSPICIOUS_MOVE = YES;
				CLANG_WARN_UNREACHABLE_CODE = YES;
				CLANG_WARN__DUPLICATE_METHOD_MATCH = YES;
				"CODE_SIGN_IDENTITY[sdk=iphoneos*]" = "iPhone Developer";
				COPY_PHASE_STRIP = NO;
				DEBUG_INFORMATION_FORMAT = dwarf;
				ENABLE_STRICT_OBJC_MSGSEND = YES;
				ENABLE_TESTABILITY = YES;
				GCC_C_LANGUAGE_STANDARD = gnu99;
				GCC_DYNAMIC_NO_PIC = NO;
				GCC_NO_COMMON_BLOCKS = YES;
				GCC_OPTIMIZATION_LEVEL = 0;
				GCC_PREPROCESSOR_DEFINITIONS = (
					"DEBUG=1",
					"$(inherited)",
				);
				GCC_WARN_64_TO_32_BIT_CONVERSION = YES;
				GCC_WARN_ABOUT_RETURN_TYPE = YES_ERROR;
				GCC_WARN_UNDECLARED_SELECTOR = YES;
				GCC_WARN_UNINITIALIZED_AUTOS = YES_AGGRESSIVE;
				GCC_WARN_UNUSED_FUNCTION = YES;
				GCC_WARN_UNUSED_VARIABLE = YES;
				IPHONEOS_DEPLOYMENT_TARGET = 9.3;
				MTL_ENABLE_DEBUG_INFO = YES;
				ONLY_ACTIVE_ARCH = YES;
				SDKROOT = iphoneos;
				SWIFT_OPTIMIZATION_LEVEL = "-Onone";
				SWIFT_VERSION = 3.0;
			};
			name = Debug;
		};
		0199CBA91D849BF800C977EE /* Release */ = {
			isa = XCBuildConfiguration;
			buildSettings = {
				ALWAYS_SEARCH_USER_PATHS = NO;
				CLANG_ANALYZER_NONNULL = YES;
				CLANG_CXX_LANGUAGE_STANDARD = "gnu++0x";
				CLANG_CXX_LIBRARY = "libc++";
				CLANG_ENABLE_MODULES = YES;
				CLANG_ENABLE_OBJC_ARC = YES;
				CLANG_WARN_BOOL_CONVERSION = YES;
				CLANG_WARN_CONSTANT_CONVERSION = YES;
				CLANG_WARN_DIRECT_OBJC_ISA_USAGE = YES_ERROR;
				CLANG_WARN_EMPTY_BODY = YES;
				CLANG_WARN_ENUM_CONVERSION = YES;
				CLANG_WARN_INFINITE_RECURSION = YES;
				CLANG_WARN_INT_CONVERSION = YES;
				CLANG_WARN_OBJC_ROOT_CLASS = YES_ERROR;
				CLANG_WARN_SUSPICIOUS_MOVE = YES;
				CLANG_WARN_UNREACHABLE_CODE = YES;
				CLANG_WARN__DUPLICATE_METHOD_MATCH = YES;
				"CODE_SIGN_IDENTITY[sdk=iphoneos*]" = "iPhone Developer";
				COPY_PHASE_STRIP = NO;
				DEBUG_INFORMATION_FORMAT = "dwarf-with-dsym";
				ENABLE_NS_ASSERTIONS = NO;
				ENABLE_STRICT_OBJC_MSGSEND = YES;
				GCC_C_LANGUAGE_STANDARD = gnu99;
				GCC_NO_COMMON_BLOCKS = YES;
				GCC_WARN_64_TO_32_BIT_CONVERSION = YES;
				GCC_WARN_ABOUT_RETURN_TYPE = YES_ERROR;
				GCC_WARN_UNDECLARED_SELECTOR = YES;
				GCC_WARN_UNINITIALIZED_AUTOS = YES_AGGRESSIVE;
				GCC_WARN_UNUSED_FUNCTION = YES;
				GCC_WARN_UNUSED_VARIABLE = YES;
				IPHONEOS_DEPLOYMENT_TARGET = 9.3;
				MTL_ENABLE_DEBUG_INFO = NO;
				SDKROOT = iphoneos;
				SWIFT_OPTIMIZATION_LEVEL = "-Owholemodule";
				SWIFT_VERSION = 3.0;
				VALIDATE_PRODUCT = YES;
			};
			name = Release;
		};
		0199CBAB1D849BF800C977EE /* Debug */ = {
			isa = XCBuildConfiguration;
			baseConfigurationReference = 6589D78BEAC4D7CF4564340A /* Pods-Test.debug.xcconfig */;
			buildSettings = {
				ALWAYS_EMBED_SWIFT_STANDARD_LIBRARIES = YES;
				ASSETCATALOG_COMPILER_APPICON_NAME = AppIcon;
				CODE_SIGN_IDENTITY = "iPhone Developer";
				FRAMEWORK_SEARCH_PATHS = (
					"$(inherited)",
					"$(PROJECT_DIR)/build/Debug-iphoneos/Haneke",
				);
				INFOPLIST_FILE = Test/Info.plist;
				LD_RUNPATH_SEARCH_PATHS = "$(inherited) @executable_path/Frameworks";
				PRODUCT_BUNDLE_IDENTIFIER = com.whb04.Test;
				PRODUCT_NAME = "$(TARGET_NAME)";
				SWIFT_VERSION = 3.0;
			};
			name = Debug;
		};
		0199CBAC1D849BF800C977EE /* Release */ = {
			isa = XCBuildConfiguration;
			baseConfigurationReference = 1C6600CF8B66A363059557C7 /* Pods-Test.release.xcconfig */;
			buildSettings = {
				ALWAYS_EMBED_SWIFT_STANDARD_LIBRARIES = YES;
				ASSETCATALOG_COMPILER_APPICON_NAME = AppIcon;
				CODE_SIGN_IDENTITY = "iPhone Developer";
				FRAMEWORK_SEARCH_PATHS = (
					"$(inherited)",
					"$(PROJECT_DIR)/build/Debug-iphoneos/Haneke",
				);
				INFOPLIST_FILE = Test/Info.plist;
				LD_RUNPATH_SEARCH_PATHS = "$(inherited) @executable_path/Frameworks";
				PRODUCT_BUNDLE_IDENTIFIER = com.whb04.Test;
				PRODUCT_NAME = "$(TARGET_NAME)";
				SWIFT_VERSION = 3.0;
			};
			name = Release;
		};
/* End XCBuildConfiguration section */

/* Begin XCConfigurationList section */
		0199CB931D849BF800C977EE /* Build configuration list for PBXProject "Test" */ = {
			isa = XCConfigurationList;
			buildConfigurations = (
				0199CBA81D849BF800C977EE /* Debug */,
				0199CBA91D849BF800C977EE /* Release */,
			);
			defaultConfigurationIsVisible = 0;
			defaultConfigurationName = Release;
		};
		0199CBAA1D849BF800C977EE /* Build configuration list for PBXNativeTarget "Test" */ = {
			isa = XCConfigurationList;
			buildConfigurations = (
				0199CBAB1D849BF800C977EE /* Debug */,
				0199CBAC1D849BF800C977EE /* Release */,
			);
			defaultConfigurationIsVisible = 0;
			defaultConfigurationName = Release;
		};
/* End XCConfigurationList section */
	};
	rootObject = 0199CB901D849BF800C977EE /* Project object */;
}
